
Microsoft Visual Studio Solution File, Format Version 12.00
# Visual Studio Version 16
VisualStudioVersion = 16.0.31005.135
MinimumVisualStudioVersion = 10.0.40219.1
Project("{8BC9CEB8-8B4A-11D0-8D11-00A0C91BC942}") = "playfair-cipher", "playfair-cipher\playfair-cipher.vcxproj", "{39FA6D53-4236-4303-84BE-3CA1FCE94421}"
EndProject
Global
	GlobalSection(SolutionConfigurationPlatforms) = preSolution
		Debug|x64 = Debug|x64
		Debug|x86 = Debug|x86
		Release|x64 = Release|x64
		Release|x86 = Release|x86
	EndGlobalSection
	GlobalSection(ProjectConfigurationPlatforms) = postSolution
		{39FA6D53-4236-4303-84BE-3CA1FCE94421}.Debug|x64.ActiveCfg = Debug|x64
		{39FA6D53-4236-4303-84BE-3CA1FCE94421}.Debug|x64.Build.0 = Debug|x64
		{39FA6D53-4236-4303-84BE-3CA1FCE94421}.Debug|x86.ActiveCfg = Debug|Win32
		{39FA6D53-4236-4303-84BE-3CA1FCE94421}.Debug|x86.Build.0 = Debug|Win32
		{39FA6D53-4236-4303-84BE-3CA1FCE94421}.Release|x64.ActiveCfg = Release|x64
		{39FA6D53-4236-4303-84BE-3CA1FCE94421}.Release|x64.Build.0 = Release|x64
		{39FA6D53-4236-4303-84BE-3CA1FCE94421}.Release|x86.ActiveCfg = Release|Win32
		{39FA6D53-4236-4303-84BE-3CA1FCE94421}.Release|x86.Build.0 = Release|Win32
	EndGlobalSection
	GlobalSection(SolutionProperties) = preSolution
		HideSolutionNode = FALSE
	EndGlobalSection
	GlobalSection(ExtensibilityGlobals) = postSolution
		SolutionGuid = {728E2D30-C852-477A-98C9-918831007C71}
	EndGlobalSection
EndGlobal
